
Microsoft Visual Studio Solution File, Format Version 11.00
# Visual Studio 2010
Project("{FAE04EC0-301F-11D3-BF4B-00C04F79EFBC}") = "myRPG", "Assembly-CSharp.csproj", "{33C90060-1D60-E05E-B60D-C54403B669C6}"
EndProject
Project("{FAE04EC0-301F-11D3-BF4B-00C04F79EFBC}") = "myRPG", "Assembly-CSharp-Editor.csproj", "{6DA5E275-1957-AD88-C6AD-F2581DA848BE}"
EndProject
Global
	GlobalSection(SolutionConfigurationPlatforms) = preSolution
		Debug|Any CPU = Debug|Any CPU
		Release|Any CPU = Release|Any CPU
	EndGlobalSection
	GlobalSection(ProjectConfigurationPlatforms) = postSolution
		{33C90060-1D60-E05E-B60D-C54403B669C6}.Debug|Any CPU.ActiveCfg = Debug|Any CPU
		{33C90060-1D60-E05E-B60D-C54403B669C6}.Debug|Any CPU.Build.0 = Debug|Any CPU
		{33C90060-1D60-E05E-B60D-C54403B669C6}.Release|Any CPU.ActiveCfg = Release|Any CPU
		{33C90060-1D60-E05E-B60D-C54403B669C6}.Release|Any CPU.Build.0 = Release|Any CPU
		{6DA5E275-1957-AD88-C6AD-F2581DA848BE}.Debug|Any CPU.ActiveCfg = Debug|Any CPU
		{6DA5E275-1957-AD88-C6AD-F2581DA848BE}.Debug|Any CPU.Build.0 = Debug|Any CPU
		{6DA5E275-1957-AD88-C6AD-F2581DA848BE}.Release|Any CPU.ActiveCfg = Release|Any CPU
		{6DA5E275-1957-AD88-C6AD-F2581DA848BE}.Release|Any CPU.Build.0 = Release|Any CPU
	EndGlobalSection
	GlobalSection(SolutionProperties) = preSolution
		HideSolutionNode = FALSE
	EndGlobalSection
	GlobalSection(MonoDevelopProperties) = preSolution
		StartupItem = Assembly-CSharp.csproj
	EndGlobalSection
EndGlobal
